
Microsoft Visual Studio Solution File, Format Version 12.00
# Visual Studio Version 17
VisualStudioVersion = 17.2.32616.157
MinimumVisualStudioVersion = 10.0.40219.1
Project("{FAE04EC0-301F-11D3-BF4B-00C04F79EFBC}") = "PresentationLayer", "PresentationLayer\PresentationLayer.csproj", "{C7D45FE8-974F-44A6-9862-28BB5BD606EB}"
EndProject
Project("{FAE04EC0-301F-11D3-BF4B-00C04F79EFBC}") = "DAL", "DAL\DAL.csproj", "{56ABFA00-620A-419C-8C1C-05B063145464}"
EndProject
Project("{FAE04EC0-301F-11D3-BF4B-00C04F79EFBC}") = "BLL", "BLL\BLL.csproj", "{AB83E61F-4F95-4161-9C59-A8F703DBF0A5}"
EndProject
Global
	GlobalSection(SolutionConfigurationPlatforms) = preSolution
		Debug|Any CPU = Debug|Any CPU
		Release|Any CPU = Release|Any CPU
	EndGlobalSection
	GlobalSection(ProjectConfigurationPlatforms) = postSolution
		{C7D45FE8-974F-44A6-9862-28BB5BD606EB}.Debug|Any CPU.ActiveCfg = Debug|Any CPU
		{C7D45FE8-974F-44A6-9862-28BB5BD606EB}.Debug|Any CPU.Build.0 = Debug|Any CPU
		{C7D45FE8-974F-44A6-9862-28BB5BD606EB}.Release|Any CPU.ActiveCfg = Release|Any CPU
		{C7D45FE8-974F-44A6-9862-28BB5BD606EB}.Release|Any CPU.Build.0 = Release|Any CPU
		{56ABFA00-620A-419C-8C1C-05B063145464}.Debug|Any CPU.ActiveCfg = Debug|Any CPU
		{56ABFA00-620A-419C-8C1C-05B063145464}.Debug|Any CPU.Build.0 = Debug|Any CPU
		{56ABFA00-620A-419C-8C1C-05B063145464}.Release|Any CPU.ActiveCfg = Release|Any CPU
		{56ABFA00-620A-419C-8C1C-05B063145464}.Release|Any CPU.Build.0 = Release|Any CPU
		{AB83E61F-4F95-4161-9C59-A8F703DBF0A5}.Debug|Any CPU.ActiveCfg = Debug|Any CPU
		{AB83E61F-4F95-4161-9C59-A8F703DBF0A5}.Debug|Any CPU.Build.0 = Debug|Any CPU
		{AB83E61F-4F95-4161-9C59-A8F703DBF0A5}.Release|Any CPU.ActiveCfg = Release|Any CPU
		{AB83E61F-4F95-4161-9C59-A8F703DBF0A5}.Release|Any CPU.Build.0 = Release|Any CPU
	EndGlobalSection
	GlobalSection(SolutionProperties) = preSolution
		HideSolutionNode = FALSE
	EndGlobalSection
	GlobalSection(ExtensibilityGlobals) = postSolution
		SolutionGuid = {0CE04A72-66C5-415C-B112-74581A0E4B8B}
	EndGlobalSection
EndGlobal
